
Microsoft Visual Studio Solution File, Format Version 12.00
# Visual Studio 15
VisualStudioVersion = 15.0.28307.168
MinimumVisualStudioVersion = 10.0.40219.1
Project("{FAE04EC0-301F-11D3-BF4B-00C04F79EFBC}") = "Chemical_HttpServer", "Chemical_HttpServer\Chemical_HttpServer.csproj", "{F174CE92-1E98-446A-B8B8-84951E9F3913}"
EndProject
Global
	GlobalSection(SolutionConfigurationPlatforms) = preSolution
		Debug|Any CPU = Debug|Any CPU
		Release|Any CPU = Release|Any CPU
	EndGlobalSection
	GlobalSection(ProjectConfigurationPlatforms) = postSolution
		{F174CE92-1E98-446A-B8B8-84951E9F3913}.Debug|Any CPU.ActiveCfg = Debug|Any CPU
		{F174CE92-1E98-446A-B8B8-84951E9F3913}.Debug|Any CPU.Build.0 = Debug|Any CPU
		{F174CE92-1E98-446A-B8B8-84951E9F3913}.Release|Any CPU.ActiveCfg = Release|Any CPU
		{F174CE92-1E98-446A-B8B8-84951E9F3913}.Release|Any CPU.Build.0 = Release|Any CPU
	EndGlobalSection
	GlobalSection(SolutionProperties) = preSolution
		HideSolutionNode = FALSE
	EndGlobalSection
	GlobalSection(ExtensibilityGlobals) = postSolution
		SolutionGuid = {40F86F08-7105-423D-B272-E016255E6971}
	EndGlobalSection
EndGlobal
